
Microsoft Visual Studio Solution File, Format Version 12.00
# Visual Studio 14
VisualStudioVersion = 14.0.25420.1
MinimumVisualStudioVersion = 10.0.40219.1
Project("{E24C65DC-7377-472B-9ABA-BC803B73C61A}") = "10_Object_Warm_Up_Tasks", "C:\Users\a1605333\Downloads\10_Object_Warm_Up_Tasks\", "{A6061CC1-38DC-459E-A879-5E9A10D1456A}"
	ProjectSection(WebsiteProperties) = preProject
		TargetFrameworkMoniker = ".NETFramework,Version%3Dv4.0"
		Debug.AspNetCompiler.VirtualPath = "/localhost_53700"
		Debug.AspNetCompiler.PhysicalPath = "..\10_Object_Warm_Up_Tasks\"
		Debug.AspNetCompiler.TargetPath = "PrecompiledWeb\localhost_53700\"
		Debug.AspNetCompiler.Updateable = "true"
		Debug.AspNetCompiler.ForceOverwrite = "true"
		Debug.AspNetCompiler.FixedNames = "false"
		Debug.AspNetCompiler.Debug = "True"
		Release.AspNetCompiler.VirtualPath = "/localhost_53700"
		Release.AspNetCompiler.PhysicalPath = "..\10_Object_Warm_Up_Tasks\"
		Release.AspNetCompiler.TargetPath = "PrecompiledWeb\localhost_53700\"
		Release.AspNetCompiler.Updateable = "true"
		Release.AspNetCompiler.ForceOverwrite = "true"
		Release.AspNetCompiler.FixedNames = "false"
		Release.AspNetCompiler.Debug = "False"
		VWDPort = "53700"
		SlnRelativePath = "..\10_Object_Warm_Up_Tasks\"
	EndProjectSection
EndProject
Global
	GlobalSection(SolutionConfigurationPlatforms) = preSolution
		Debug|Any CPU = Debug|Any CPU
	EndGlobalSection
	GlobalSection(ProjectConfigurationPlatforms) = postSolution
		{A6061CC1-38DC-459E-A879-5E9A10D1456A}.Debug|Any CPU.ActiveCfg = Debug|Any CPU
		{A6061CC1-38DC-459E-A879-5E9A10D1456A}.Debug|Any CPU.Build.0 = Debug|Any CPU
	EndGlobalSection
	GlobalSection(SolutionProperties) = preSolution
		HideSolutionNode = FALSE
	EndGlobalSection
EndGlobal
